
Microsoft Visual Studio Solution File, Format Version 12.00
# Visual Studio Version 17
VisualStudioVersion = 17.14.36930.0
MinimumVisualStudioVersion = 10.0.40219.1
Project("{FAE04EC0-301F-11D3-BF4B-00C04F79EFBC}") = "PANDACLINIC.Shared", "PANDACLINIC.Shared\PANDACLINIC.Shared.csproj", "{2D242782-2E6B-4ED7-9517-1BD1BEBB615F}"
EndProject
Project("{FAE04EC0-301F-11D3-BF4B-00C04F79EFBC}") = "PANDACLINIC.Domain", "PANDACLINIC.Domain\PANDACLINIC.Domain.csproj", "{95719227-EEFF-45AC-AD2D-02E069892527}"
EndProject
Project("{FAE04EC0-301F-11D3-BF4B-00C04F79EFBC}") = "PANDACLINIC.Application", "PANDACLINIC.Application\PANDACLINIC.Application.csproj", "{2FBC75EE-7840-4A3B-B754-202C93435909}"
EndProject
Project("{FAE04EC0-301F-11D3-BF4B-00C04F79EFBC}") = "PANDACLINIC.Persistence", "PANDACLINIC.Persistence\PANDACLINIC.Persistence.csproj", "{1FE5310C-1D8D-4C06-A623-CED598F099FF}"
EndProject
Project("{FAE04EC0-301F-11D3-BF4B-00C04F79EFBC}") = "PANDACLINIC.ExternalServices", "PANDACLINIC.ExternalServices\PANDACLINIC.ExternalServices.csproj", "{FC8F4684-A824-4D9B-9164-F2D9632DC6C0}"
EndProject
Project("{FAE04EC0-301F-11D3-BF4B-00C04F79EFBC}") = "PANDACLINIC.Web", "PANDACLINIC.Web\PANDACLINIC.Web.csproj", "{A906BD2C-233D-41E4-9FD3-604EF9A4C487}"
EndProject
Project("{FAE04EC0-301F-11D3-BF4B-00C04F79EFBC}") = "PANDACLINIC.Dashboard", "PANDACLINIC.Dashboard\PANDACLINIC.Dashboard.csproj", "{62E14B59-1E91-49F0-86C6-EB2D9BBD9A53}"
EndProject
Project("{2150E333-8FDC-42A3-9474-1A3956D46DE8}") = "Core", "Core", "{02EA681E-C7D8-13C7-8484-4AC65E1B71E8}"
EndProject
Project("{2150E333-8FDC-42A3-9474-1A3956D46DE8}") = "Infrastructure", "Infrastructure", "{B91B656E-A9C1-4640-B86E-66EA92D00A17}"
EndProject
Project("{2150E333-8FDC-42A3-9474-1A3956D46DE8}") = "Presentation", "Presentation", "{7C66C5FC-11D0-4EE1-9147-F1D7AB126439}"
EndProject
Project("{2150E333-8FDC-42A3-9474-1A3956D46DE8}") = "Shared", "Shared", "{465F22D7-3140-4764-B9B6-533653C0AC44}"
EndProject
Project("{2150E333-8FDC-42A3-9474-1A3956D46DE8}") = "GlobalUploads", "GlobalUploads", "{67B3F40A-A45D-4C6B-8FB7-C6AA145B1F99}"
EndProject
Global
	GlobalSection(SolutionConfigurationPlatforms) = preSolution
		Debug|Any CPU = Debug|Any CPU
		Release|Any CPU = Release|Any CPU
	EndGlobalSection
	GlobalSection(ProjectConfigurationPlatforms) = postSolution
		{2D242782-2E6B-4ED7-9517-1BD1BEBB615F}.Debug|Any CPU.ActiveCfg = Debug|Any CPU
		{2D242782-2E6B-4ED7-9517-1BD1BEBB615F}.Debug|Any CPU.Build.0 = Debug|Any CPU
		{2D242782-2E6B-4ED7-9517-1BD1BEBB615F}.Release|Any CPU.ActiveCfg = Release|Any CPU
		{2D242782-2E6B-4ED7-9517-1BD1BEBB615F}.Release|Any CPU.Build.0 = Release|Any CPU
		{95719227-EEFF-45AC-AD2D-02E069892527}.Debug|Any CPU.ActiveCfg = Debug|Any CPU
		{95719227-EEFF-45AC-AD2D-02E069892527}.Debug|Any CPU.Build.0 = Debug|Any CPU
		{95719227-EEFF-45AC-AD2D-02E069892527}.Release|Any CPU.ActiveCfg = Release|Any CPU
		{95719227-EEFF-45AC-AD2D-02E069892527}.Release|Any CPU.Build.0 = Release|Any CPU
		{2FBC75EE-7840-4A3B-B754-202C93435909}.Debug|Any CPU.ActiveCfg = Debug|Any CPU
		{2FBC75EE-7840-4A3B-B754-202C93435909}.Debug|Any CPU.Build.0 = Debug|Any CPU
		{2FBC75EE-7840-4A3B-B754-202C93435909}.Release|Any CPU.ActiveCfg = Release|Any CPU
		{2FBC75EE-7840-4A3B-B754-202C93435909}.Release|Any CPU.Build.0 = Release|Any CPU
		{1FE5310C-1D8D-4C06-A623-CED598F099FF}.Debug|Any CPU.ActiveCfg = Debug|Any CPU
		{1FE5310C-1D8D-4C06-A623-CED598F099FF}.Debug|Any CPU.Build.0 = Debug|Any CPU
		{1FE5310C-1D8D-4C06-A623-CED598F099FF}.Release|Any CPU.ActiveCfg = Release|Any CPU
		{1FE5310C-1D8D-4C06-A623-CED598F099FF}.Release|Any CPU.Build.0 = Release|Any CPU
		{FC8F4684-A824-4D9B-9164-F2D9632DC6C0}.Debug|Any CPU.ActiveCfg = Debug|Any CPU
		{FC8F4684-A824-4D9B-9164-F2D9632DC6C0}.Debug|Any CPU.Build.0 = Debug|Any CPU
		{FC8F4684-A824-4D9B-9164-F2D9632DC6C0}.Release|Any CPU.ActiveCfg = Release|Any CPU
		{FC8F4684-A824-4D9B-9164-F2D9632DC6C0}.Release|Any CPU.Build.0 = Release|Any CPU
		{A906BD2C-233D-41E4-9FD3-604EF9A4C487}.Debug|Any CPU.ActiveCfg = Debug|Any CPU
		{A906BD2C-233D-41E4-9FD3-604EF9A4C487}.Debug|Any CPU.Build.0 = Debug|Any CPU
		{A906BD2C-233D-41E4-9FD3-604EF9A4C487}.Release|Any CPU.ActiveCfg = Release|Any CPU
		{A906BD2C-233D-41E4-9FD3-604EF9A4C487}.Release|Any CPU.Build.0 = Release|Any CPU
		{62E14B59-1E91-49F0-86C6-EB2D9BBD9A53}.Debug|Any CPU.ActiveCfg = Debug|Any CPU
		{62E14B59-1E91-49F0-86C6-EB2D9BBD9A53}.Debug|Any CPU.Build.0 = Debug|Any CPU
		{62E14B59-1E91-49F0-86C6-EB2D9BBD9A53}.Release|Any CPU.ActiveCfg = Release|Any CPU
		{62E14B59-1E91-49F0-86C6-EB2D9BBD9A53}.Release|Any CPU.Build.0 = Release|Any CPU
	EndGlobalSection
	GlobalSection(SolutionProperties) = preSolution
		HideSolutionNode = FALSE
	EndGlobalSection
	GlobalSection(NestedProjects) = preSolution
		{2D242782-2E6B-4ED7-9517-1BD1BEBB615F} = {465F22D7-3140-4764-B9B6-533653C0AC44}
		{95719227-EEFF-45AC-AD2D-02E069892527} = {02EA681E-C7D8-13C7-8484-4AC65E1B71E8}
		{2FBC75EE-7840-4A3B-B754-202C93435909} = {02EA681E-C7D8-13C7-8484-4AC65E1B71E8}
		{1FE5310C-1D8D-4C06-A623-CED598F099FF} = {B91B656E-A9C1-4640-B86E-66EA92D00A17}
		{FC8F4684-A824-4D9B-9164-F2D9632DC6C0} = {B91B656E-A9C1-4640-B86E-66EA92D00A17}
		{A906BD2C-233D-41E4-9FD3-604EF9A4C487} = {7C66C5FC-11D0-4EE1-9147-F1D7AB126439}
		{62E14B59-1E91-49F0-86C6-EB2D9BBD9A53} = {7C66C5FC-11D0-4EE1-9147-F1D7AB126439}
	EndGlobalSection
	GlobalSection(ExtensibilityGlobals) = postSolution
		SolutionGuid = {FCF7D472-5BFB-4FA4-B02D-FDC7B9B30C36}
	EndGlobalSection
EndGlobal
